
Microsoft Visual Studio Solution File, Format Version 12.00
# Visual Studio Version 17
VisualStudioVersion = 17.5.002.0
MinimumVisualStudioVersion = 10.0.40219.1
Project("{9A19103F-16F7-4668-BE54-9A1E7A4F7556}") = "LQA_BaiThi2324", "LQA_BaiThi2324\LQA_BaiThi2324.csproj", "{ED999937-2987-46DF-B413-1593716F9766}"
EndProject
Global
	GlobalSection(SolutionConfigurationPlatforms) = preSolution
		Debug|Any CPU = Debug|Any CPU
		Release|Any CPU = Release|Any CPU
	EndGlobalSection
	GlobalSection(ProjectConfigurationPlatforms) = postSolution
		{ED999937-2987-46DF-B413-1593716F9766}.Debug|Any CPU.ActiveCfg = Debug|Any CPU
		{ED999937-2987-46DF-B413-1593716F9766}.Debug|Any CPU.Build.0 = Debug|Any CPU
		{ED999937-2987-46DF-B413-1593716F9766}.Release|Any CPU.ActiveCfg = Release|Any CPU
		{ED999937-2987-46DF-B413-1593716F9766}.Release|Any CPU.Build.0 = Release|Any CPU
	EndGlobalSection
	GlobalSection(SolutionProperties) = preSolution
		HideSolutionNode = FALSE
	EndGlobalSection
	GlobalSection(ExtensibilityGlobals) = postSolution
		SolutionGuid = {A415EA07-9C28-41AA-AEFD-32CCD4DC5074}
	EndGlobalSection
EndGlobal
